#MicroXplorer Configuration settings - do not modify
Mcu.Family=STM32F1
NVIC.USART3_IRQn=true\:0\:0\:false\:false\:true\:true\:true
ProjectManager.MainLocation=Core/Src
NVIC.ADC1_2_IRQn=true\:0\:0\:false\:false\:true\:true\:true
ProjectManager.KeepUserCode=true
Mcu.UserName=STM32F103C8Tx
SPI2.VirtualType=VM_MASTER
ADC1.ContinuousConvMode=ENABLE
PB10.Mode=Asynchronous
USART1.BaudRate=9600
SH.ADCx_IN2.0=ADC1_IN2,IN2
RCC.PLLCLKFreq_Value=8000000
ProjectManager.functionlistsort=1-MX_GPIO_Init-GPIO-false-HAL-true,2-SystemClock_Config-RCC-false-HAL-false,3-MX_USART3_UART_Init-USART3-false-HAL-true,4-MX_SPI2_Init-SPI2-false-HAL-true,5-MX_CRC_Init-CRC-false-HAL-true,6-MX_ADC1_Init-ADC1-false-HAL-true,7-MX_TIM3_Init-TIM3-false-HAL-true,8-MX_TIM4_Init-TIM4-false-HAL-true,9-MX_USART1_UART_Init-USART1-false-HAL-true
USART1.IPParameters=VirtualMode,BaudRate
PB11.Signal=USART3_RX
PB15.Signal=SPI2_MOSI
PB13.Signal=SPI2_SCK
PinOutPanel.RotationAngle=0
ProjectManager.StackSize=0x400
PD1-OSC_OUT.Signal=RCC_OSC_OUT
Mcu.IP4=SPI2
Mcu.IP5=SYS
Mcu.IP2=NVIC
NVIC.SVCall_IRQn=true\:0\:0\:false\:false\:true\:false\:false
Mcu.IP3=RCC
PB4.GPIOParameters=GPIO_PuPd
Mcu.IP0=ADC1
Mcu.IP1=CRC
Mcu.UserConstants=
SH.S_TIM3_CH2.ConfNb=1
Mcu.ThirdPartyNb=0
Mcu.IPNb=10
ProjectManager.PreviousToolchain=
TIM3.Period=255
PB6.Signal=S_TIM4_CH1
ADC1.Channel-2\#ChannelRegularConversion=ADC_CHANNEL_2
Mcu.Pin6=PB11
Mcu.Pin7=PB12
Mcu.Pin8=PB13
Mcu.Pin9=PB14
Mcu.Pin0=PD0-OSC_IN
Mcu.Pin1=PD1-OSC_OUT
GPIO.groupedBy=Group By Peripherals
Mcu.Pin2=PA0-WKUP
Mcu.Pin3=PA1
Mcu.Pin4=PA2
Mcu.Pin5=PB10
ADC1.Channel-0\#ChannelRegularConversion=ADC_CHANNEL_0
ProjectManager.ProjectBuild=false
NVIC.UsageFault_IRQn=true\:0\:0\:false\:false\:true\:false\:false
NVIC.DebugMonitor_IRQn=true\:0\:0\:false\:false\:true\:false\:false
PA8.Locked=true
NVIC.SysTick_IRQn=true\:0\:0\:false\:false\:true\:false\:true
ProjectManager.FirmwarePackage=STM32Cube FW_F1 V1.8.6
MxDb.Version=DB.6.0.21
PB3.GPIO_PuPd=GPIO_PULLDOWN
ADC1.Rank-2\#ChannelRegularConversion=3
ProjectManager.BackupPrevious=false
SH.ADCx_IN1.ConfNb=1
PB14.Mode=Full_Duplex_Master
TIM3.Prescaler=2
File.Version=6
SPI2.CalculateBaudRate=4.0 MBits/s
PB3.GPIOParameters=GPIO_PuPd
PB7.Signal=GPIO_Output
PB8.Locked=true
PA8.Signal=GPIO_Output
SH.ADCx_IN0.0=ADC1_IN0,IN0
PB6.Locked=true
NVIC.PendSV_IRQn=true\:0\:0\:false\:false\:true\:false\:false
TIM4.Period=255
ProjectManager.HalAssertFull=false
ADC1.SamplingTime-0\#ChannelRegularConversion=ADC_SAMPLETIME_55CYCLES_5
ProjectManager.ProjectName=PRUEBA4
RCC.PLLMCOFreq_Value=4000000
PB9.Signal=GPIO_Output
Mcu.Package=LQFP48
SPI2.Mode=SPI_MODE_MASTER
ProjectManager.ToolChainLocation=
VP_SYS_VS_Systick.Signal=SYS_VS_Systick
USART3.IPParameters=VirtualMode
PA10.Signal=USART1_RX
PA15.Signal=GPIO_Input
SH.ADCx_IN1.0=ADC1_IN1,IN1
SH.S_TIM4_CH1.0=TIM4_CH1,PWM Generation1 CH1
NVIC.BusFault_IRQn=true\:0\:0\:false\:false\:true\:false\:false
SPI2.Direction=SPI_DIRECTION_2LINES
PB13.Mode=Full_Duplex_Master
ProjectManager.CustomerFirmwarePackage=
PB3.Locked=true
PB4.Signal=GPIO_Input
PA2.Locked=true
TIM4.Channel-PWM\ Generation1\ CH1=TIM_CHANNEL_1
SH.S_TIM4_CH1.ConfNb=1
ProjectManager.ProjectFileName=PRUEBA4.ioc
ADC1.Rank-0\#ChannelRegularConversion=1
PD1-OSC_OUT.Mode=HSE-External-Oscillator
PA10.Mode=Asynchronous
PA15.GPIOParameters=GPIO_PuPd
Mcu.PinsNb=25
ProjectManager.NoMain=false
ADC1.IPParameters=Rank-0\#ChannelRegularConversion,Channel-0\#ChannelRegularConversion,SamplingTime-0\#ChannelRegularConversion,NbrOfConversionFlag,master,Rank-1\#ChannelRegularConversion,Channel-1\#ChannelRegularConversion,SamplingTime-1\#ChannelRegularConversion,Rank-2\#ChannelRegularConversion,Channel-2\#ChannelRegularConversion,SamplingTime-2\#ChannelRegularConversion,NbrOfConversion,ContinuousConvMode
ProjectManager.DefaultFWLocation=true
PD0-OSC_IN.Signal=RCC_OSC_IN
PB12.Locked=true
ProjectManager.DeletePrevious=true
VP_SYS_VS_ND.Mode=No_Debug
ADC1.SamplingTime-2\#ChannelRegularConversion=ADC_SAMPLETIME_55CYCLES_5
RCC.FamilyName=M
PA0-WKUP.Signal=ADCx_IN0
PA0-WKUP.Locked=true
PA15.Locked=true
PA9.Mode=Asynchronous
PB11.Mode=Asynchronous
ProjectManager.TargetToolchain=STM32CubeIDE
TIM4.IPParameters=Channel-PWM Generation1 CH1,Prescaler,Period
VP_CRC_VS_CRC.Signal=CRC_VS_CRC
PA9.Signal=USART1_TX
ADC1.Channel-1\#ChannelRegularConversion=ADC_CHANNEL_1
PB5.Locked=true
PB9.Locked=true
SPI2.IPParameters=VirtualType,Mode,Direction,CalculateBaudRate,DataSize
PB4.GPIO_PuPd=GPIO_PULLDOWN
ProjectManager.RegisterCallBack=
TIM4.Prescaler=2
PA1.Signal=ADCx_IN1
PD0-OSC_IN.Mode=HSE-External-Oscillator
PB10.Signal=USART3_TX
PB14.Signal=SPI2_MISO
SH.S_TIM3_CH2.0=TIM3_CH2,PWM Generation2 CH2
board=custom
ProjectManager.LastFirmware=true
PB15.Mode=Full_Duplex_Master
RCC.APB2Freq_Value=8000000
MxCube.Version=6.2.1
SH.ADCx_IN0.ConfNb=1
SH.ADCx_IN2.ConfNb=1
VP_SYS_VS_Systick.Mode=SysTick
VP_SYS_VS_ND.Signal=SYS_VS_ND
TIM3.IPParameters=Channel-PWM Generation2 CH2,Prescaler,Period
PA9.Locked=true
NVIC.NonMaskableInt_IRQn=true\:0\:0\:false\:false\:true\:false\:false
ADC1.NbrOfConversion=3
ProjectManager.FreePins=false
RCC.IPParameters=APB1Freq_Value,APB2Freq_Value,FamilyName,PLLCLKFreq_Value,PLLMCOFreq_Value,TimSysFreq_Value
ProjectManager.AskForMigrate=true
Mcu.Name=STM32F103C(8-B)Tx
Mcu.Pin24=VP_SYS_VS_Systick
PA2.Signal=ADCx_IN2
ProjectManager.UnderRoot=true
Mcu.IP8=USART1
Mcu.IP9=USART3
Mcu.IP6=TIM3
Mcu.IP7=TIM4
ProjectManager.CoupleFile=false
PB4.Locked=true
PB3.Signal=GPIO_Input
ADC1.SamplingTime-1\#ChannelRegularConversion=ADC_SAMPLETIME_55CYCLES_5
PB5.Signal=S_TIM3_CH2
Mcu.Pin22=VP_CRC_VS_CRC
Mcu.Pin23=VP_SYS_VS_ND
RCC.TimSysFreq_Value=8000000
PA1.Locked=true
Mcu.Pin20=PB8
ADC1.master=1
Mcu.Pin21=PB9
PA10.Locked=true
NVIC.ForceEnableDMAVector=true
KeepUserPlacement=false
USART3.VirtualMode=VM_ASYNC
NVIC.MemoryManagement_IRQn=true\:0\:0\:false\:false\:true\:false\:false
USART1.VirtualMode=VM_ASYNC
ProjectManager.CompilerOptimize=6
ADC1.Rank-1\#ChannelRegularConversion=2
ProjectManager.HeapSize=0x200
Mcu.Pin15=PB3
NVIC.HardFault_IRQn=true\:0\:0\:false\:false\:true\:false\:false
Mcu.Pin16=PB4
Mcu.Pin13=PA10
Mcu.Pin14=PA15
Mcu.Pin19=PB7
ProjectManager.ComputerToolchain=false
Mcu.Pin17=PB5
Mcu.Pin18=PB6
NVIC.PriorityGroup=NVIC_PRIORITYGROUP_4
ADC1.NbrOfConversionFlag=1
Mcu.Pin11=PA8
TIM3.Channel-PWM\ Generation2\ CH2=TIM_CHANNEL_2
Mcu.Pin12=PA9
PA15.GPIO_PuPd=GPIO_PULLDOWN
Mcu.Pin10=PB15
PB7.Locked=true
PB8.Signal=GPIO_Output
SPI2.DataSize=SPI_DATASIZE_16BIT
RCC.APB1Freq_Value=8000000
VP_CRC_VS_CRC.Mode=CRC_Activate
ProjectManager.DeviceId=STM32F103C8Tx
PB12.Signal=SPI2_NSS
ProjectManager.LibraryCopy=1
isbadioc=false
